Microsoft Visual Studio Solution File, Format Version 12.00
# Visual Studio Version 17
VisualStudioVersion = 17.5.2.0
MinimumVisualStudioVersion = 10.0.40219.1
Project("{FAE04EC0-301F-11D3-BF4B-00C04F79EFBC}") = "IdentityPlugin", "IdentityPlugin.csproj", "{3EFF5314-5FEA-5893-3501-268097ADFE8A}"
EndProject
Global
	GlobalSection(SolutionConfigurationPlatforms) = preSolution
		Debug|Any CPU = Debug|Any CPU
		Release|Any CPU = Release|Any CPU
	EndGlobalSection
	GlobalSection(ProjectConfigurationPlatforms) = postSolution
		{3EFF5314-5FEA-5893-3501-268097ADFE8A}.Debug|Any CPU.ActiveCfg = Debug|Any CPU
		{3EFF5314-5FEA-5893-3501-268097ADFE8A}.Debug|Any CPU.Build.0 = Debug|Any CPU
		{3EFF5314-5FEA-5893-3501-268097ADFE8A}.Release|Any CPU.ActiveCfg = Release|Any CPU
		{3EFF5314-5FEA-5893-3501-268097ADFE8A}.Release|Any CPU.Build.0 = Release|Any CPU
	EndGlobalSection
	GlobalSection(SolutionProperties) = preSolution
		HideSolutionNode = FALSE
	EndGlobalSection
	GlobalSection(ExtensibilityGlobals) = postSolution
		SolutionGuid = {FC1B6971-6BF7-4C0B-A500-B3C0E1F6B9AD}
	EndGlobalSection
EndGlobal
